// !$*UTF8*$!
{
	archiveVersion = 1;
	classes = {
	};
	objectVersion = 50;
	objects = {

/* Begin PBXBuildFile section */
		7D2D6D5821F8847C00C46533 /* TrendingCell.swift in Sources */ = {isa = PBXBuildFile; fileRef = 7D2D6D5721F8847C00C46533 /* TrendingCell.swift */; };
		7D2D6D5A21F8877900C46533 /* SubscriptionCell.swift in Sources */ = {isa = PBXBuildFile; fileRef = 7D2D6D5921F8877900C46533 /* SubscriptionCell.swift */; };
		7D2D6D5C21F8BC3800C46533 /* VideoLauncher.swift in Sources */ = {isa = PBXBuildFile; fileRef = 7D2D6D5B21F8BC3800C46533 /* VideoLauncher.swift */; };
		7D3F7FE921F2047C00309063 /* Extensions.swift in Sources */ = {isa = PBXBuildFile; fileRef = 7D3F7FE821F2047C00309063 /* Extensions.swift */; };
		7D3F7FEC21F2050800309063 /* VideoCell.swift in Sources */ = {isa = PBXBuildFile; fileRef = 7D3F7FEB21F2050800309063 /* VideoCell.swift */; };
		7D3F7FEF21F2228100309063 /* MenuBar.swift in Sources */ = {isa = PBXBuildFile; fileRef = 7D3F7FEE21F2228100309063 /* MenuBar.swift */; };
		7D446C9E21F7476E00199309 /* MenuCell.swift in Sources */ = {isa = PBXBuildFile; fileRef = 7D446C9D21F7476E00199309 /* MenuCell.swift */; };
		7D446CA121F7542F00199309 /* ApiService.swift in Sources */ = {isa = PBXBuildFile; fileRef = 7D446CA021F7542F00199309 /* ApiService.swift */; };
		7D446CA321F78A3600199309 /* FeedCell.swift in Sources */ = {isa = PBXBuildFile; fileRef = 7D446CA221F78A3600199309 /* FeedCell.swift */; };
		7D69FA2821F49E8A0014F18C /* Video.swift in Sources */ = {isa = PBXBuildFile; fileRef = 7D69FA2721F49E8A0014F18C /* Video.swift */; };
		7D9037BE21F0E4440072C148 /* AppDelegate.swift in Sources */ = {isa = PBXBuildFile; fileRef = 7D9037BD21F0E4440072C148 /* AppDelegate.swift */; };
		7D9037C021F0E4440072C148 /* HomeController.swift in Sources */ = {isa = PBXBuildFile; fileRef = 7D9037BF21F0E4440072C148 /* HomeController.swift */; };
		7D9037C321F0E4440072C148 /* Main.storyboard in Resources */ = {isa = PBXBuildFile; fileRef = 7D9037C121F0E4440072C148 /* Main.storyboard */; };
		7D9037C521F0E4460072C148 /* Assets.xcassets in Resources */ = {isa = PBXBuildFile; fileRef = 7D9037C421F0E4460072C148 /* Assets.xcassets */; };
		7D9037C821F0E4460072C148 /* LaunchScreen.storyboard in Resources */ = {isa = PBXBuildFile; fileRef = 7D9037C621F0E4460072C148 /* LaunchScreen.storyboard */; };
		7DD7738C21F63A55005224A6 /* SettingsLauncher.swift in Sources */ = {isa = PBXBuildFile; fileRef = 7DD7738B21F63A55005224A6 /* SettingsLauncher.swift */; };
		7DD7738E21F64416005224A6 /* SettingCell.swift in Sources */ = {isa = PBXBuildFile; fileRef = 7DD7738D21F64416005224A6 /* SettingCell.swift */; };
/* End PBXBuildFile section */

/* Begin PBXFileReference section */
		7D2D6D5721F8847C00C46533 /* TrendingCell.swift */ = {isa = PBXFileReference; lastKnownFileType = sourcecode.swift; path = TrendingCell.swift; sourceTree = "<group>"; };
		7D2D6D5921F8877900C46533 /* SubscriptionCell.swift */ = {isa = PBXFileReference; lastKnownFileType = sourcecode.swift; path = SubscriptionCell.swift; sourceTree = "<group>"; };
		7D2D6D5B21F8BC3800C46533 /* VideoLauncher.swift */ = {isa = PBXFileReference; lastKnownFileType = sourcecode.swift; path = VideoLauncher.swift; sourceTree = "<group>"; };
		7D3F7FE821F2047C00309063 /* Extensions.swift */ = {isa = PBXFileReference; lastKnownFileType = sourcecode.swift; path = Extensions.swift; sourceTree = "<group>"; };
		7D3F7FEB21F2050800309063 /* VideoCell.swift */ = {isa = PBXFileReference; lastKnownFileType = sourcecode.swift; path = VideoCell.swift; sourceTree = "<group>"; };
		7D3F7FEE21F2228100309063 /* MenuBar.swift */ = {isa = PBXFileReference; lastKnownFileType = sourcecode.swift; path = MenuBar.swift; sourceTree = "<group>"; };
		7D446C9D21F7476E00199309 /* MenuCell.swift */ = {isa = PBXFileReference; lastKnownFileType = sourcecode.swift; path = MenuCell.swift; sourceTree = "<group>"; };
		7D446CA021F7542F00199309 /* ApiService.swift */ = {isa = PBXFileReference; lastKnownFileType = sourcecode.swift; path = ApiService.swift; sourceTree = "<group>"; };
		7D446CA221F78A3600199309 /* FeedCell.swift */ = {isa = PBXFileReference; lastKnownFileType = sourcecode.swift; path = FeedCell.swift; sourceTree = "<group>"; };
		7D69FA2721F49E8A0014F18C /* Video.swift */ = {isa = PBXFileReference; lastKnownFileType = sourcecode.swift; path = Video.swift; sourceTree = "<group>"; };
		7D9037BA21F0E4440072C148 /* youtube.app */ = {isa = PBXFileReference; explicitFileType = wrapper.application; includeInIndex = 0; path = youtube.app; sourceTree = BUILT_PRODUCTS_DIR; };
		7D9037BD21F0E4440072C148 /* AppDelegate.swift */ = {isa = PBXFileReference; lastKnownFileType = sourcecode.swift; path = AppDelegate.swift; sourceTree = "<group>"; };
		7D9037BF21F0E4440072C148 /* HomeController.swift */ = {isa = PBXFileReference; lastKnownFileType = sourcecode.swift; path = HomeController.swift; sourceTree = "<group>"; };
		7D9037C221F0E4440072C148 /* Base */ = {isa = PBXFileReference; lastKnownFileType = file.storyboard; name = Base; path = Base.lproj/Main.storyboard; sourceTree = "<group>"; };
		7D9037C421F0E4460072C148 /* Assets.xcassets */ = {isa = PBXFileReference; lastKnownFileType = folder.assetcatalog; path = Assets.xcassets; sourceTree = "<group>"; };
		7D9037C721F0E4460072C148 /* Base */ = {isa = PBXFileReference; lastKnownFileType = file.storyboard; name = Base; path = Base.lproj/LaunchScreen.storyboard; sourceTree = "<group>"; };
		7D9037C921F0E4460072C148 /* Info.plist */ = {isa = PBXFileReference; lastKnownFileType = text.plist.xml; path = Info.plist; sourceTree = "<group>"; };
		7DD7738B21F63A55005224A6 /* SettingsLauncher.swift */ = {isa = PBXFileReference; lastKnownFileType = sourcecode.swift; path = SettingsLauncher.swift; sourceTree = "<group>"; };
		7DD7738D21F64416005224A6 /* SettingCell.swift */ = {isa = PBXFileReference; lastKnownFileType = sourcecode.swift; path = SettingCell.swift; sourceTree = "<group>"; };
/* End PBXFileReference section */

/* Begin PBXFrameworksBuildPhase section */
		7D9037B721F0E4440072C148 /* Frameworks */ = {
			isa = PBXFrameworksBuildPhase;
			buildActionMask = 2147483647;
			files = (
			);
			runOnlyForDeploymentPostprocessing = 0;
		};
/* End PBXFrameworksBuildPhase section */

/* Begin PBXGroup section */
		7D3F7FE721F2045C00309063 /* Helpers */ = {
			isa = PBXGroup;
			children = (
				7D3F7FE821F2047C00309063 /* Extensions.swift */,
			);
			path = Helpers;
			sourceTree = "<group>";
		};
		7D3F7FEA21F204E600309063 /* View */ = {
			isa = PBXGroup;
			children = (
				7D3F7FEE21F2228100309063 /* MenuBar.swift */,
				7D446C9D21F7476E00199309 /* MenuCell.swift */,
				7D3F7FEB21F2050800309063 /* VideoCell.swift */,
				7DD7738D21F64416005224A6 /* SettingCell.swift */,
				7D446CA221F78A3600199309 /* FeedCell.swift */,
				7D2D6D5721F8847C00C46533 /* TrendingCell.swift */,
				7D2D6D5921F8877900C46533 /* SubscriptionCell.swift */,
			);
			path = View;
			sourceTree = "<group>";
		};
		7D3F7FED21F2055100309063 /* Controller */ = {
			isa = PBXGroup;
			children = (
				7D9037BF21F0E4440072C148 /* HomeController.swift */,
				7DD7738B21F63A55005224A6 /* SettingsLauncher.swift */,
				7D2D6D5B21F8BC3800C46533 /* VideoLauncher.swift */,
			);
			path = Controller;
			sourceTree = "<group>";
		};
		7D446C9F21F7540500199309 /* ApiService */ = {
			isa = PBXGroup;
			children = (
				7D446CA021F7542F00199309 /* ApiService.swift */,
			);
			path = ApiService;
			sourceTree = "<group>";
		};
		7D69FA2621F49E650014F18C /* Model */ = {
			isa = PBXGroup;
			children = (
				7D69FA2721F49E8A0014F18C /* Video.swift */,
			);
			path = Model;
			sourceTree = "<group>";
		};
		7D9037B121F0E4440072C148 = {
			isa = PBXGroup;
			children = (
				7D9037BC21F0E4440072C148 /* youtube */,
				7D9037BB21F0E4440072C148 /* Products */,
			);
			sourceTree = "<group>";
		};
		7D9037BB21F0E4440072C148 /* Products */ = {
			isa = PBXGroup;
			children = (
				7D9037BA21F0E4440072C148 /* youtube.app */,
			);
			name = Products;
			sourceTree = "<group>";
		};
		7D9037BC21F0E4440072C148 /* youtube */ = {
			isa = PBXGroup;
			children = (
				7D446C9F21F7540500199309 /* ApiService */,
				7D69FA2621F49E650014F18C /* Model */,
				7D3F7FEA21F204E600309063 /* View */,
				7D3F7FED21F2055100309063 /* Controller */,
				7D3F7FE721F2045C00309063 /* Helpers */,
				7D9037BD21F0E4440072C148 /* AppDelegate.swift */,
				7D9037C121F0E4440072C148 /* Main.storyboard */,
				7D9037C421F0E4460072C148 /* Assets.xcassets */,
				7D9037C621F0E4460072C148 /* LaunchScreen.storyboard */,
				7D9037C921F0E4460072C148 /* Info.plist */,
			);
			path = youtube;
			sourceTree = "<group>";
		};
/* End PBXGroup section */

/* Begin PBXNativeTarget section */
		7D9037B921F0E4440072C148 /* youtube */ = {
			isa = PBXNativeTarget;
			buildConfigurationList = 7D9037CC21F0E4460072C148 /* Build configuration list for PBXNativeTarget "youtube" */;
			buildPhases = (
				7D9037B621F0E4440072C148 /* Sources */,
				7D9037B721F0E4440072C148 /* Frameworks */,
				7D9037B821F0E4440072C148 /* Resources */,
			);
			buildRules = (
			);
			dependencies = (
			);
			name = youtube;
			productName = youtube;
			productReference = 7D9037BA21F0E4440072C148 /* youtube.app */;
			productType = "com.apple.product-type.application";
		};
/* End PBXNativeTarget section */

/* Begin PBXProject section */
		7D9037B221F0E4440072C148 /* Project object */ = {
			isa = PBXProject;
			attributes = {
				LastSwiftUpdateCheck = 1010;
				LastUpgradeCheck = 1010;
				TargetAttributes = {
					7D9037B921F0E4440072C148 = {
						CreatedOnToolsVersion = 10.1;
					};
				};
			};
			buildConfigurationList = 7D9037B521F0E4440072C148 /* Build configuration list for PBXProject "youtube" */;
			compatibilityVersion = "Xcode 9.3";
			developmentRegion = en;
			hasScannedForEncodings = 0;
			knownRegions = (
				en,
				Base,
			);
			mainGroup = 7D9037B121F0E4440072C148;
			productRefGroup = 7D9037BB21F0E4440072C148 /* Products */;
			projectDirPath = "";
			projectRoot = "";
			targets = (
				7D9037B921F0E4440072C148 /* youtube */,
			);
		};
/* End PBXProject section */

/* Begin PBXResourcesBuildPhase section */
		7D9037B821F0E4440072C148 /* Resources */ = {
			isa = PBXResourcesBuildPhase;
			buildActionMask = 2147483647;
			files = (
				7D9037C821F0E4460072C148 /* LaunchScreen.storyboard in Resources */,
				7D9037C521F0E4460072C148 /* Assets.xcassets in Resources */,
				7D9037C321F0E4440072C148 /* Main.storyboard in Resources */,
			);
			runOnlyForDeploymentPostprocessing = 0;
		};
/* End PBXResourcesBuildPhase section */

/* Begin PBXSourcesBuildPhase section */
		7D9037B621F0E4440072C148 /* Sources */ = {
			isa = PBXSourcesBuildPhase;
			buildActionMask = 2147483647;
			files = (
				7D9037C021F0E4440072C148 /* HomeController.swift in Sources */,
				7D69FA2821F49E8A0014F18C /* Video.swift in Sources */,
				7D446C9E21F7476E00199309 /* MenuCell.swift in Sources */,
				7D2D6D5C21F8BC3800C46533 /* VideoLauncher.swift in Sources */,
				7DD7738E21F64416005224A6 /* SettingCell.swift in Sources */,
				7D446CA321F78A3600199309 /* FeedCell.swift in Sources */,
				7D3F7FEC21F2050800309063 /* VideoCell.swift in Sources */,
				7D2D6D5A21F8877900C46533 /* SubscriptionCell.swift in Sources */,
				7DD7738C21F63A55005224A6 /* SettingsLauncher.swift in Sources */,
				7D446CA121F7542F00199309 /* ApiService.swift in Sources */,
				7D2D6D5821F8847C00C46533 /* TrendingCell.swift in Sources */,
				7D3F7FE921F2047C00309063 /* Extensions.swift in Sources */,
				7D9037BE21F0E4440072C148 /* AppDelegate.swift in Sources */,
				7D3F7FEF21F2228100309063 /* MenuBar.swift in Sources */,
			);
			runOnlyForDeploymentPostprocessing = 0;
		};
/* End PBXSourcesBuildPhase section */

/* Begin PBXVariantGroup section */
		7D9037C121F0E4440072C148 /* Main.storyboard */ = {
			isa = PBXVariantGroup;
			children = (
				7D9037C221F0E4440072C148 /* Base */,
			);
			name = Main.storyboard;
			sourceTree = "<group>";
		};
		7D9037C621F0E4460072C148 /* LaunchScreen.storyboard */ = {
			isa = PBXVariantGroup;
			children = (
				7D9037C721F0E4460072C148 /* Base */,
			);
			name = LaunchScreen.storyboard;
			sourceTree = "<group>";
		};
/* End PBXVariantGroup section */

/* Begin XCBuildConfiguration section */
		7D9037CA21F0E4460072C148 /* Debug */ = {
			isa = XCBuildConfiguration;
			buildSettings = {
				ALWAYS_SEARCH_USER_PATHS = NO;
				CLANG_ANALYZER_NONNULL = YES;
				CLANG_ANALYZER_NUMBER_OBJECT_CONVERSION = YES_AGGRESSIVE;
				CLANG_CXX_LANGUAGE_STANDARD = "gnu++14";
				CLANG_CXX_LIBRARY = "libc++";
				CLANG_ENABLE_MODULES = YES;
				CLANG_ENABLE_OBJC_ARC = YES;
				CLANG_ENABLE_OBJC_WEAK = YES;
				CLANG_WARN_BLOCK_CAPTURE_AUTORELEASING = YES;
				CLANG_WARN_BOOL_CONVERSION = YES;
				CLANG_WARN_COMMA = YES;
				CLANG_WARN_CONSTANT_CONVERSION = YES;
				CLANG_WARN_DEPRECATED_OBJC_IMPLEMENTATIONS = YES;
				CLANG_WARN_DIRECT_OBJC_ISA_USAGE = YES_ERROR;
				CLANG_WARN_DOCUMENTATION_COMMENTS = YES;
				CLANG_WARN_EMPTY_BODY = YES;
				CLANG_WARN_ENUM_CONVERSION = YES;
				CLANG_WARN_INFINITE_RECURSION = YES;
				CLANG_WARN_INT_CONVERSION = YES;
				CLANG_WARN_NON_LITERAL_NULL_CONVERSION = YES;
				CLANG_WARN_OBJC_IMPLICIT_RETAIN_SELF = YES;
				CLANG_WARN_OBJC_LITERAL_CONVERSION = YES;
				CLANG_WARN_OBJC_ROOT_CLASS = YES_ERROR;
				CLANG_WARN_RANGE_LOOP_ANALYSIS = YES;
				CLANG_WARN_STRICT_PROTOTYPES = YES;
				CLANG_WARN_SUSPICIOUS_MOVE = YES;
				CLANG_WARN_UNGUARDED_AVAILABILITY = YES_AGGRESSIVE;
				CLANG_WARN_UNREACHABLE_CODE = YES;
				CLANG_WARN__DUPLICATE_METHOD_MATCH = YES;
				CODE_SIGN_IDENTITY = "iPhone Developer";
				COPY_PHASE_STRIP = NO;
				DEBUG_INFORMATION_FORMAT = dwarf;
				ENABLE_STRICT_OBJC_MSGSEND = YES;
				ENABLE_TESTABILITY = YES;
				GCC_C_LANGUAGE_STANDARD = gnu11;
				GCC_DYNAMIC_NO_PIC = NO;
				GCC_NO_COMMON_BLOCKS = YES;
				GCC_OPTIMIZATION_LEVEL = 0;
				GCC_PREPROCESSOR_DEFINITIONS = (
					"DEBUG=1",
					"$(inherited)",
				);
				GCC_WARN_64_TO_32_BIT_CONVERSION = YES;
				GCC_WARN_ABOUT_RETURN_TYPE = YES_ERROR;
				GCC_WARN_UNDECLARED_SELECTOR = YES;
				GCC_WARN_UNINITIALIZED_AUTOS = YES_AGGRESSIVE;
				GCC_WARN_UNUSED_FUNCTION = YES;
				GCC_WARN_UNUSED_VARIABLE = YES;
				IPHONEOS_DEPLOYMENT_TARGET = 12.1;
				MTL_ENABLE_DEBUG_INFO = INCLUDE_SOURCE;
				MTL_FAST_MATH = YES;
				ONLY_ACTIVE_ARCH = YES;
				SDKROOT = iphoneos;
				SWIFT_ACTIVE_COMPILATION_CONDITIONS = DEBUG;
				SWIFT_OPTIMIZATION_LEVEL = "-Onone";
			};
			name = Debug;
		};
		7D9037CB21F0E4460072C148 /* Release */ = {
			isa = XCBuildConfiguration;
			buildSettings = {
				ALWAYS_SEARCH_USER_PATHS = NO;
				CLANG_ANALYZER_NONNULL = YES;
				CLANG_ANALYZER_NUMBER_OBJECT_CONVERSION = YES_AGGRESSIVE;
				CLANG_CXX_LANGUAGE_STANDARD = "gnu++14";
				CLANG_CXX_LIBRARY = "libc++";
				CLANG_ENABLE_MODULES = YES;
				CLANG_ENABLE_OBJC_ARC = YES;
				CLANG_ENABLE_OBJC_WEAK = YES;
				CLANG_WARN_BLOCK_CAPTURE_AUTORELEASING = YES;
				CLANG_WARN_BOOL_CONVERSION = YES;
				CLANG_WARN_COMMA = YES;
				CLANG_WARN_CONSTANT_CONVERSION = YES;
				CLANG_WARN_DEPRECATED_OBJC_IMPLEMENTATIONS = YES;
				CLANG_WARN_DIRECT_OBJC_ISA_USAGE = YES_ERROR;
				CLANG_WARN_DOCUMENTATION_COMMENTS = YES;
				CLANG_WARN_EMPTY_BODY = YES;
				CLANG_WARN_ENUM_CONVERSION = YES;
				CLANG_WARN_INFINITE_RECURSION = YES;
				CLANG_WARN_INT_CONVERSION = YES;
				CLANG_WARN_NON_LITERAL_NULL_CONVERSION = YES;
				CLANG_WARN_OBJC_IMPLICIT_RETAIN_SELF = YES;
				CLANG_WARN_OBJC_LITERAL_CONVERSION = YES;
				CLANG_WARN_OBJC_ROOT_CLASS = YES_ERROR;
				CLANG_WARN_RANGE_LOOP_ANALYSIS = YES;
				CLANG_WARN_STRICT_PROTOTYPES = YES;
				CLANG_WARN_SUSPICIOUS_MOVE = YES;
				CLANG_WARN_UNGUARDED_AVAILABILITY = YES_AGGRESSIVE;
				CLANG_WARN_UNREACHABLE_CODE = YES;
				CLANG_WARN__DUPLICATE_METHOD_MATCH = YES;
				CODE_SIGN_IDENTITY = "iPhone Developer";
				COPY_PHASE_STRIP = NO;
				DEBUG_INFORMATION_FORMAT = "dwarf-with-dsym";
				ENABLE_NS_ASSERTIONS = NO;
				ENABLE_STRICT_OBJC_MSGSEND = YES;
				GCC_C_LANGUAGE_STANDARD = gnu11;
				GCC_NO_COMMON_BLOCKS = YES;
				GCC_WARN_64_TO_32_BIT_CONVERSION = YES;
				GCC_WARN_ABOUT_RETURN_TYPE = YES_ERROR;
				GCC_WARN_UNDECLARED_SELECTOR = YES;
				GCC_WARN_UNINITIALIZED_AUTOS = YES_AGGRESSIVE;
				GCC_WARN_UNUSED_FUNCTION = YES;
				GCC_WARN_UNUSED_VARIABLE = YES;
				IPHONEOS_DEPLOYMENT_TARGET = 12.1;
				MTL_ENABLE_DEBUG_INFO = NO;
				MTL_FAST_MATH = YES;
				SDKROOT = iphoneos;
				SWIFT_COMPILATION_MODE = wholemodule;
				SWIFT_OPTIMIZATION_LEVEL = "-O";
				VALIDATE_PRODUCT = YES;
			};
			name = Release;
		};
		7D9037CD21F0E4460072C148 /* Debug */ = {
			isa = XCBuildConfiguration;
			buildSettings = {
				ASSETCATALOG_COMPILER_APPICON_NAME = AppIcon;
				CODE_SIGN_STYLE = Automatic;
				DEVELOPMENT_TEAM = VB5QN7AY2S;
				INFOPLIST_FILE = youtube/Info.plist;
				LD_RUNPATH_SEARCH_PATHS = (
					"$(inherited)",
					"@executable_path/Frameworks",
				);
				PRODUCT_BUNDLE_IDENTIFIER = GS.youtube;
				PRODUCT_NAME = "$(TARGET_NAME)";
				SWIFT_VERSION = 4.2;
				TARGETED_DEVICE_FAMILY = "1,2";
			};
			name = Debug;
		};
		7D9037CE21F0E4460072C148 /* Release */ = {
			isa = XCBuildConfiguration;
			buildSettings = {
				ASSETCATALOG_COMPILER_APPICON_NAME = AppIcon;
				CODE_SIGN_STYLE = Automatic;
				DEVELOPMENT_TEAM = VB5QN7AY2S;
				INFOPLIST_FILE = youtube/Info.plist;
				LD_RUNPATH_SEARCH_PATHS = (
					"$(inherited)",
					"@executable_path/Frameworks",
				);
				PRODUCT_BUNDLE_IDENTIFIER = GS.youtube;
				PRODUCT_NAME = "$(TARGET_NAME)";
				SWIFT_VERSION = 4.2;
				TARGETED_DEVICE_FAMILY = "1,2";
			};
			name = Release;
		};
/* End XCBuildConfiguration section */

/* Begin XCConfigurationList section */
		7D9037B521F0E4440072C148 /* Build configuration list for PBXProject "youtube" */ = {
			isa = XCConfigurationList;
			buildConfigurations = (
				7D9037CA21F0E4460072C148 /* Debug */,
				7D9037CB21F0E4460072C148 /* Release */,
			);
			defaultConfigurationIsVisible = 0;
			defaultConfigurationName = Release;
		};
		7D9037CC21F0E4460072C148 /* Build configuration list for PBXNativeTarget "youtube" */ = {
			isa = XCConfigurationList;
			buildConfigurations = (
				7D9037CD21F0E4460072C148 /* Debug */,
				7D9037CE21F0E4460072C148 /* Release */,
			);
			defaultConfigurationIsVisible = 0;
			defaultConfigurationName = Release;
		};
/* End XCConfigurationList section */
	};
	rootObject = 7D9037B221F0E4440072C148 /* Project object */;
}
